// !$*UTF8*$!
{
	archiveVersion = 1;
	classes = {
	};
	objectVersion = 56;
	objects = {

/* Begin PBXBuildFile section */
		175423942C03E52B00310374 /* WebView.swift in Sources */ = {isa = PBXBuildFile; fileRef = 175423932C03E52B00310374 /* WebView.swift */; };
		175423952C03E52B00310374 /* WebView.swift in Sources */ = {isa = PBXBuildFile; fileRef = 175423932C03E52B00310374 /* WebView.swift */; };
		175423962C03E52B00310374 /* WebView.swift in Sources */ = {isa = PBXBuildFile; fileRef = 175423932C03E52B00310374 /* WebView.swift */; };
		17DFDA3C2C0D82FB005195E4 /* AlertView.swift in Sources */ = {isa = PBXBuildFile; fileRef = 17DFDA3B2C0D82FB005195E4 /* AlertView.swift */; };
		17E30DAF2C03922400E60561 /* FeaturesApp.swift in Sources */ = {isa = PBXBuildFile; fileRef = 17E30DAE2C03922400E60561 /* FeaturesApp.swift */; };
		17E30DB12C03922400E60561 /* ContentView.swift in Sources */ = {isa = PBXBuildFile; fileRef = 17E30DB02C03922400E60561 /* ContentView.swift */; };
		17E30DB32C03922500E60561 /* Assets.xcassets in Resources */ = {isa = PBXBuildFile; fileRef = 17E30DB22C03922500E60561 /* Assets.xcassets */; };
		17E30DB62C03922500E60561 /* Preview Assets.xcassets in Resources */ = {isa = PBXBuildFile; fileRef = 17E30DB52C03922500E60561 /* Preview Assets.xcassets */; };
		17E30DC02C03922500E60561 /* FeaturesTests.swift in Sources */ = {isa = PBXBuildFile; fileRef = 17E30DBF2C03922500E60561 /* FeaturesTests.swift */; };
		17E30DCA2C03922500E60561 /* FeaturesUITests.swift in Sources */ = {isa = PBXBuildFile; fileRef = 17E30DC92C03922500E60561 /* FeaturesUITests.swift */; };
		17E30DCC2C03922500E60561 /* FeaturesUITestsLaunchTests.swift in Sources */ = {isa = PBXBuildFile; fileRef = 17E30DCB2C03922500E60561 /* FeaturesUITestsLaunchTests.swift */; };
		64DA2B6B2C741B820025D34B /* TextFieldView.swift in Sources */ = {isa = PBXBuildFile; fileRef = 64DA2B6A2C741B820025D34B /* TextFieldView.swift */; };
		64F102DB2C98913D00EE2E47 /* ApplePayButtonView.swift in Sources */ = {isa = PBXBuildFile; fileRef = 64F102DA2C98913D00EE2E47 /* ApplePayButtonView.swift */; };
/* End PBXBuildFile section */

/* Begin PBXContainerItemProxy section */
		17E30DBC2C03922500E60561 /* PBXContainerItemProxy */ = {
			isa = PBXContainerItemProxy;
			containerPortal = 17E30DA32C03922400E60561 /* Project object */;
			proxyType = 1;
			remoteGlobalIDString = 17E30DAA2C03922400E60561;
			remoteInfo = Features;
		};
		17E30DC62C03922500E60561 /* PBXContainerItemProxy */ = {
			isa = PBXContainerItemProxy;
			containerPortal = 17E30DA32C03922400E60561 /* Project object */;
			proxyType = 1;
			remoteGlobalIDString = 17E30DAA2C03922400E60561;
			remoteInfo = Features;
		};
/* End PBXContainerItemProxy section */

/* Begin PBXFileReference section */
		175423932C03E52B00310374 /* WebView.swift */ = {isa = PBXFileReference; lastKnownFileType = sourcecode.swift; path = WebView.swift; sourceTree = "<group>"; };
		17DFDA3B2C0D82FB005195E4 /* AlertView.swift */ = {isa = PBXFileReference; lastKnownFileType = sourcecode.swift; path = AlertView.swift; sourceTree = "<group>"; };
		17E30DAB2C03922400E60561 /* Features.app */ = {isa = PBXFileReference; explicitFileType = wrapper.application; includeInIndex = 0; path = Features.app; sourceTree = BUILT_PRODUCTS_DIR; };
		17E30DAE2C03922400E60561 /* FeaturesApp.swift */ = {isa = PBXFileReference; lastKnownFileType = sourcecode.swift; path = FeaturesApp.swift; sourceTree = "<group>"; };
		17E30DB02C03922400E60561 /* ContentView.swift */ = {isa = PBXFileReference; lastKnownFileType = sourcecode.swift; path = ContentView.swift; sourceTree = "<group>"; };
		17E30DB22C03922500E60561 /* Assets.xcassets */ = {isa = PBXFileReference; lastKnownFileType = folder.assetcatalog; path = Assets.xcassets; sourceTree = "<group>"; };
		17E30DB52C03922500E60561 /* Preview Assets.xcassets */ = {isa = PBXFileReference; lastKnownFileType = folder.assetcatalog; path = "Preview Assets.xcassets"; sourceTree = "<group>"; };
		17E30DBB2C03922500E60561 /* FeaturesTests.xctest */ = {isa = PBXFileReference; explicitFileType = wrapper.cfbundle; includeInIndex = 0; path = FeaturesTests.xctest; sourceTree = BUILT_PRODUCTS_DIR; };
		17E30DBF2C03922500E60561 /* FeaturesTests.swift */ = {isa = PBXFileReference; lastKnownFileType = sourcecode.swift; path = FeaturesTests.swift; sourceTree = "<group>"; };
		17E30DC52C03922500E60561 /* FeaturesUITests.xctest */ = {isa = PBXFileReference; explicitFileType = wrapper.cfbundle; includeInIndex = 0; path = FeaturesUITests.xctest; sourceTree = BUILT_PRODUCTS_DIR; };
		17E30DC92C03922500E60561 /* FeaturesUITests.swift */ = {isa = PBXFileReference; lastKnownFileType = sourcecode.swift; path = FeaturesUITests.swift; sourceTree = "<group>"; };
		17E30DCB2C03922500E60561 /* FeaturesUITestsLaunchTests.swift */ = {isa = PBXFileReference; lastKnownFileType = sourcecode.swift; path = FeaturesUITestsLaunchTests.swift; sourceTree = "<group>"; };
		6434A8AF2C9882DD007FA0C9 /* Features.entitlements */ = {isa = PBXFileReference; lastKnownFileType = text.plist.entitlements; path = Features.entitlements; sourceTree = "<group>"; };
		64DA2B6A2C741B820025D34B /* TextFieldView.swift */ = {isa = PBXFileReference; lastKnownFileType = sourcecode.swift; path = TextFieldView.swift; sourceTree = "<group>"; };
		64F102DA2C98913D00EE2E47 /* ApplePayButtonView.swift */ = {isa = PBXFileReference; lastKnownFileType = sourcecode.swift; path = ApplePayButtonView.swift; sourceTree = "<group>"; };
/* End PBXFileReference section */

/* Begin PBXFrameworksBuildPhase section */
		17E30DA82C03922400E60561 /* Frameworks */ = {
			isa = PBXFrameworksBuildPhase;
			buildActionMask = 2147483647;
			files = (
			);
			runOnlyForDeploymentPostprocessing = 0;
		};
		17E30DB82C03922500E60561 /* Frameworks */ = {
			isa = PBXFrameworksBuildPhase;
			buildActionMask = 2147483647;
			files = (
			);
			runOnlyForDeploymentPostprocessing = 0;
		};
		17E30DC22C03922500E60561 /* Frameworks */ = {
			isa = PBXFrameworksBuildPhase;
			buildActionMask = 2147483647;
			files = (
			);
			runOnlyForDeploymentPostprocessing = 0;
		};
/* End PBXFrameworksBuildPhase section */

/* Begin PBXGroup section */
		17E30DA22C03922400E60561 = {
			isa = PBXGroup;
			children = (
				17E30DAD2C03922400E60561 /* Features */,
				17E30DBE2C03922500E60561 /* FeaturesTests */,
				17E30DC82C03922500E60561 /* FeaturesUITests */,
				17E30DAC2C03922400E60561 /* Products */,
			);
			sourceTree = "<group>";
		};
		17E30DAC2C03922400E60561 /* Products */ = {
			isa = PBXGroup;
			children = (
				17E30DAB2C03922400E60561 /* Features.app */,
				17E30DBB2C03922500E60561 /* FeaturesTests.xctest */,
				17E30DC52C03922500E60561 /* FeaturesUITests.xctest */,
			);
			name = Products;
			sourceTree = "<group>";
		};
		17E30DAD2C03922400E60561 /* Features */ = {
			isa = PBXGroup;
			children = (
				6434A8AF2C9882DD007FA0C9 /* Features.entitlements */,
				17E30DAE2C03922400E60561 /* FeaturesApp.swift */,
				17E30DB02C03922400E60561 /* ContentView.swift */,
				17DFDA3B2C0D82FB005195E4 /* AlertView.swift */,
				175423932C03E52B00310374 /* WebView.swift */,
				17E30DB22C03922500E60561 /* Assets.xcassets */,
				17E30DB42C03922500E60561 /* Preview Content */,
				64DA2B6A2C741B820025D34B /* TextFieldView.swift */,
				64F102DA2C98913D00EE2E47 /* ApplePayButtonView.swift */,
			);
			path = Features;
			sourceTree = "<group>";
		};
		17E30DB42C03922500E60561 /* Preview Content */ = {
			isa = PBXGroup;
			children = (
				17E30DB52C03922500E60561 /* Preview Assets.xcassets */,
			);
			path = "Preview Content";
			sourceTree = "<group>";
		};
		17E30DBE2C03922500E60561 /* FeaturesTests */ = {
			isa = PBXGroup;
			children = (
				17E30DBF2C03922500E60561 /* FeaturesTests.swift */,
			);
			path = FeaturesTests;
			sourceTree = "<group>";
		};
		17E30DC82C03922500E60561 /* FeaturesUITests */ = {
			isa = PBXGroup;
			children = (
				17E30DC92C03922500E60561 /* FeaturesUITests.swift */,
				17E30DCB2C03922500E60561 /* FeaturesUITestsLaunchTests.swift */,
			);
			path = FeaturesUITests;
			sourceTree = "<group>";
		};
/* End PBXGroup section */

/* Begin PBXNativeTarget section */
		17E30DAA2C03922400E60561 /* Features */ = {
			isa = PBXNativeTarget;
			buildConfigurationList = 17E30DCF2C03922500E60561 /* Build configuration list for PBXNativeTarget "Features" */;
			buildPhases = (
				17E30DA72C03922400E60561 /* Sources */,
				17E30DA82C03922400E60561 /* Frameworks */,
				17E30DA92C03922400E60561 /* Resources */,
			);
			buildRules = (
			);
			dependencies = (
			);
			name = Features;
			productName = Features;
			productReference = 17E30DAB2C03922400E60561 /* Features.app */;
			productType = "com.apple.product-type.application";
		};
		17E30DBA2C03922500E60561 /* FeaturesTests */ = {
			isa = PBXNativeTarget;
			buildConfigurationList = 17E30DD22C03922500E60561 /* Build configuration list for PBXNativeTarget "FeaturesTests" */;
			buildPhases = (
				17E30DB72C03922500E60561 /* Sources */,
				17E30DB82C03922500E60561 /* Frameworks */,
				17E30DB92C03922500E60561 /* Resources */,
			);
			buildRules = (
			);
			dependencies = (
				17E30DBD2C03922500E60561 /* PBXTargetDependency */,
			);
			name = FeaturesTests;
			productName = FeaturesTests;
			productReference = 17E30DBB2C03922500E60561 /* FeaturesTests.xctest */;
			productType = "com.apple.product-type.bundle.unit-test";
		};
		17E30DC42C03922500E60561 /* FeaturesUITests */ = {
			isa = PBXNativeTarget;
			buildConfigurationList = 17E30DD52C03922500E60561 /* Build configuration list for PBXNativeTarget "FeaturesUITests" */;
			buildPhases = (
				17E30DC12C03922500E60561 /* Sources */,
				17E30DC22C03922500E60561 /* Frameworks */,
				17E30DC32C03922500E60561 /* Resources */,
			);
			buildRules = (
			);
			dependencies = (
				17E30DC72C03922500E60561 /* PBXTargetDependency */,
			);
			name = FeaturesUITests;
			productName = FeaturesUITests;
			productReference = 17E30DC52C03922500E60561 /* FeaturesUITests.xctest */;
			productType = "com.apple.product-type.bundle.ui-testing";
		};
/* End PBXNativeTarget section */

/* Begin PBXProject section */
		17E30DA32C03922400E60561 /* Project object */ = {
			isa = PBXProject;
			attributes = {
				BuildIndependentTargetsInParallel = 1;
				LastSwiftUpdateCheck = 1530;
				LastUpgradeCheck = 1530;
				TargetAttributes = {
					17E30DAA2C03922400E60561 = {
						CreatedOnToolsVersion = 15.3;
					};
					17E30DBA2C03922500E60561 = {
						CreatedOnToolsVersion = 15.3;
						TestTargetID = 17E30DAA2C03922400E60561;
					};
					17E30DC42C03922500E60561 = {
						CreatedOnToolsVersion = 15.3;
						TestTargetID = 17E30DAA2C03922400E60561;
					};
				};
			};
			buildConfigurationList = 17E30DA62C03922400E60561 /* Build configuration list for PBXProject "Features" */;
			compatibilityVersion = "Xcode 14.0";
			developmentRegion = en;
			hasScannedForEncodings = 0;
			knownRegions = (
				en,
				Base,
			);
			mainGroup = 17E30DA22C03922400E60561;
			productRefGroup = 17E30DAC2C03922400E60561 /* Products */;
			projectDirPath = "";
			projectRoot = "";
			targets = (
				17E30DAA2C03922400E60561 /* Features */,
				17E30DBA2C03922500E60561 /* FeaturesTests */,
				17E30DC42C03922500E60561 /* FeaturesUITests */,
			);
		};
/* End PBXProject section */

/* Begin PBXResourcesBuildPhase section */
		17E30DA92C03922400E60561 /* Resources */ = {
			isa = PBXResourcesBuildPhase;
			buildActionMask = 2147483647;
			files = (
				17E30DB62C03922500E60561 /* Preview Assets.xcassets in Resources */,
				17E30DB32C03922500E60561 /* Assets.xcassets in Resources */,
			);
			runOnlyForDeploymentPostprocessing = 0;
		};
		17E30DB92C03922500E60561 /* Resources */ = {
			isa = PBXResourcesBuildPhase;
			buildActionMask = 2147483647;
			files = (
			);
			runOnlyForDeploymentPostprocessing = 0;
		};
		17E30DC32C03922500E60561 /* Resources */ = {
			isa = PBXResourcesBuildPhase;
			buildActionMask = 2147483647;
			files = (
			);
			runOnlyForDeploymentPostprocessing = 0;
		};
/* End PBXResourcesBuildPhase section */

/* Begin PBXSourcesBuildPhase section */
		17E30DA72C03922400E60561 /* Sources */ = {
			isa = PBXSourcesBuildPhase;
			buildActionMask = 2147483647;
			files = (
				175423942C03E52B00310374 /* WebView.swift in Sources */,
				64DA2B6B2C741B820025D34B /* TextFieldView.swift in Sources */,
				17DFDA3C2C0D82FB005195E4 /* AlertView.swift in Sources */,
				17E30DB12C03922400E60561 /* ContentView.swift in Sources */,
				64F102DB2C98913D00EE2E47 /* ApplePayButtonView.swift in Sources */,
				17E30DAF2C03922400E60561 /* FeaturesApp.swift in Sources */,
			);
			runOnlyForDeploymentPostprocessing = 0;
		};
		17E30DB72C03922500E60561 /* Sources */ = {
			isa = PBXSourcesBuildPhase;
			buildActionMask = 2147483647;
			files = (
				17E30DC02C03922500E60561 /* FeaturesTests.swift in Sources */,
				175423952C03E52B00310374 /* WebView.swift in Sources */,
			);
			runOnlyForDeploymentPostprocessing = 0;
		};
		17E30DC12C03922500E60561 /* Sources */ = {
			isa = PBXSourcesBuildPhase;
			buildActionMask = 2147483647;
			files = (
				175423962C03E52B00310374 /* WebView.swift in Sources */,
				17E30DCC2C03922500E60561 /* FeaturesUITestsLaunchTests.swift in Sources */,
				17E30DCA2C03922500E60561 /* FeaturesUITests.swift in Sources */,
			);
			runOnlyForDeploymentPostprocessing = 0;
		};
/* End PBXSourcesBuildPhase section */

/* Begin PBXTargetDependency section */
		17E30DBD2C03922500E60561 /* PBXTargetDependency */ = {
			isa = PBXTargetDependency;
			target = 17E30DAA2C03922400E60561 /* Features */;
			targetProxy = 17E30DBC2C03922500E60561 /* PBXContainerItemProxy */;
		};
		17E30DC72C03922500E60561 /* PBXTargetDependency */ = {
			isa = PBXTargetDependency;
			target = 17E30DAA2C03922400E60561 /* Features */;
			targetProxy = 17E30DC62C03922500E60561 /* PBXContainerItemProxy */;
		};
/* End PBXTargetDependency section */

/* Begin XCBuildConfiguration section */
		17E30DCD2C03922500E60561 /* Debug */ = {
			isa = XCBuildConfiguration;
			buildSettings = {
				ALWAYS_SEARCH_USER_PATHS = NO;
				ASSETCATALOG_COMPILER_GENERATE_SWIFT_ASSET_SYMBOL_EXTENSIONS = YES;
				CLANG_ANALYZER_NONNULL = YES;
				CLANG_ANALYZER_NUMBER_OBJECT_CONVERSION = YES_AGGRESSIVE;
				CLANG_CXX_LANGUAGE_STANDARD = "gnu++20";
				CLANG_ENABLE_MODULES = YES;
				CLANG_ENABLE_OBJC_ARC = YES;
				CLANG_ENABLE_OBJC_WEAK = YES;
				CLANG_WARN_BLOCK_CAPTURE_AUTORELEASING = YES;
				CLANG_WARN_BOOL_CONVERSION = YES;
				CLANG_WARN_COMMA = YES;
				CLANG_WARN_CONSTANT_CONVERSION = YES;
				CLANG_WARN_DEPRECATED_OBJC_IMPLEMENTATIONS = YES;
				CLANG_WARN_DIRECT_OBJC_ISA_USAGE = YES_ERROR;
				CLANG_WARN_DOCUMENTATION_COMMENTS = YES;
				CLANG_WARN_EMPTY_BODY = YES;
				CLANG_WARN_ENUM_CONVERSION = YES;
				CLANG_WARN_INFINITE_RECURSION = YES;
				CLANG_WARN_INT_CONVERSION = YES;
				CLANG_WARN_NON_LITERAL_NULL_CONVERSION = YES;
				CLANG_WARN_OBJC_IMPLICIT_RETAIN_SELF = YES;
				CLANG_WARN_OBJC_LITERAL_CONVERSION = YES;
				CLANG_WARN_OBJC_ROOT_CLASS = YES_ERROR;
				CLANG_WARN_QUOTED_INCLUDE_IN_FRAMEWORK_HEADER = YES;
				CLANG_WARN_RANGE_LOOP_ANALYSIS = YES;
				CLANG_WARN_STRICT_PROTOTYPES = YES;
				CLANG_WARN_SUSPICIOUS_MOVE = YES;
				CLANG_WARN_UNGUARDED_AVAILABILITY = YES_AGGRESSIVE;
				CLANG_WARN_UNREACHABLE_CODE = YES;
				CLANG_WARN__DUPLICATE_METHOD_MATCH = YES;
				COPY_PHASE_STRIP = NO;
				DEBUG_INFORMATION_FORMAT = dwarf;
				ENABLE_STRICT_OBJC_MSGSEND = YES;
				ENABLE_TESTABILITY = YES;
				ENABLE_USER_SCRIPT_SANDBOXING = YES;
				GCC_C_LANGUAGE_STANDARD = gnu17;
				GCC_DYNAMIC_NO_PIC = NO;
				GCC_NO_COMMON_BLOCKS = YES;
				GCC_OPTIMIZATION_LEVEL = 0;
				GCC_PREPROCESSOR_DEFINITIONS = (
					"DEBUG=1",
					"$(inherited)",
				);
				GCC_WARN_64_TO_32_BIT_CONVERSION = YES;
				GCC_WARN_ABOUT_RETURN_TYPE = YES_ERROR;
				GCC_WARN_UNDECLARED_SELECTOR = YES;
				GCC_WARN_UNINITIALIZED_AUTOS = YES_AGGRESSIVE;
				GCC_WARN_UNUSED_FUNCTION = YES;
				GCC_WARN_UNUSED_VARIABLE = YES;
				IPHONEOS_DEPLOYMENT_TARGET = 16.6;
				LOCALIZATION_PREFERS_STRING_CATALOGS = YES;
				MTL_ENABLE_DEBUG_INFO = INCLUDE_SOURCE;
				MTL_FAST_MATH = YES;
				ONLY_ACTIVE_ARCH = YES;
				SDKROOT = iphoneos;
				SWIFT_ACTIVE_COMPILATION_CONDITIONS = "DEBUG $(inherited)";
				SWIFT_OPTIMIZATION_LEVEL = "-Onone";
			};
			name = Debug;
		};
		17E30DCE2C03922500E60561 /* Release */ = {
			isa = XCBuildConfiguration;
			buildSettings = {
				ALWAYS_SEARCH_USER_PATHS = NO;
				ASSETCATALOG_COMPILER_GENERATE_SWIFT_ASSET_SYMBOL_EXTENSIONS = YES;
				CLANG_ANALYZER_NONNULL = YES;
				CLANG_ANALYZER_NUMBER_OBJECT_CONVERSION = YES_AGGRESSIVE;
				CLANG_CXX_LANGUAGE_STANDARD = "gnu++20";
				CLANG_ENABLE_MODULES = YES;
				CLANG_ENABLE_OBJC_ARC = YES;
				CLANG_ENABLE_OBJC_WEAK = YES;
				CLANG_WARN_BLOCK_CAPTURE_AUTORELEASING = YES;
				CLANG_WARN_BOOL_CONVERSION = YES;
				CLANG_WARN_COMMA = YES;
				CLANG_WARN_CONSTANT_CONVERSION = YES;
				CLANG_WARN_DEPRECATED_OBJC_IMPLEMENTATIONS = YES;
				CLANG_WARN_DIRECT_OBJC_ISA_USAGE = YES_ERROR;
				CLANG_WARN_DOCUMENTATION_COMMENTS = YES;
				CLANG_WARN_EMPTY_BODY = YES;
				CLANG_WARN_ENUM_CONVERSION = YES;
				CLANG_WARN_INFINITE_RECURSION = YES;
				CLANG_WARN_INT_CONVERSION = YES;
				CLANG_WARN_NON_LITERAL_NULL_CONVERSION = YES;
				CLANG_WARN_OBJC_IMPLICIT_RETAIN_SELF = YES;
				CLANG_WARN_OBJC_LITERAL_CONVERSION = YES;
				CLANG_WARN_OBJC_ROOT_CLASS = YES_ERROR;
				CLANG_WARN_QUOTED_INCLUDE_IN_FRAMEWORK_HEADER = YES;
				CLANG_WARN_RANGE_LOOP_ANALYSIS = YES;
				CLANG_WARN_STRICT_PROTOTYPES = YES;
				CLANG_WARN_SUSPICIOUS_MOVE = YES;
				CLANG_WARN_UNGUARDED_AVAILABILITY = YES_AGGRESSIVE;
				CLANG_WARN_UNREACHABLE_CODE = YES;
				CLANG_WARN__DUPLICATE_METHOD_MATCH = YES;
				COPY_PHASE_STRIP = NO;
				DEBUG_INFORMATION_FORMAT = "dwarf-with-dsym";
				ENABLE_NS_ASSERTIONS = NO;
				ENABLE_STRICT_OBJC_MSGSEND = YES;
				ENABLE_USER_SCRIPT_SANDBOXING = YES;
				GCC_C_LANGUAGE_STANDARD = gnu17;
				GCC_NO_COMMON_BLOCKS = YES;
				GCC_WARN_64_TO_32_BIT_CONVERSION = YES;
				GCC_WARN_ABOUT_RETURN_TYPE = YES_ERROR;
				GCC_WARN_UNDECLARED_SELECTOR = YES;
				GCC_WARN_UNINITIALIZED_AUTOS = YES_AGGRESSIVE;
				GCC_WARN_UNUSED_FUNCTION = YES;
				GCC_WARN_UNUSED_VARIABLE = YES;
				IPHONEOS_DEPLOYMENT_TARGET = 16.6;
				LOCALIZATION_PREFERS_STRING_CATALOGS = YES;
				MTL_ENABLE_DEBUG_INFO = NO;
				MTL_FAST_MATH = YES;
				SDKROOT = iphoneos;
				SWIFT_COMPILATION_MODE = wholemodule;
				VALIDATE_PRODUCT = YES;
			};
			name = Release;
		};
		17E30DD02C03922500E60561 /* Debug */ = {
			isa = XCBuildConfiguration;
			buildSettings = {
				ASSETCATALOG_COMPILER_APPICON_NAME = AppIcon;
				ASSETCATALOG_COMPILER_GLOBAL_ACCENT_COLOR_NAME = AccentColor;
				CODE_SIGN_ENTITLEMENTS = Features/Features.entitlements;
				CODE_SIGN_STYLE = Automatic;
				CURRENT_PROJECT_VERSION = 2;
				DEVELOPMENT_ASSET_PATHS = "\"Features/Preview Content\"";
				DEVELOPMENT_TEAM = FZ477BG7U9;
				ENABLE_PREVIEWS = YES;
				GENERATE_INFOPLIST_FILE = YES;
				INFOPLIST_KEY_CFBundleDisplayName = Features;
				INFOPLIST_KEY_UIApplicationSceneManifest_Generation = YES;
				INFOPLIST_KEY_UIApplicationSupportsIndirectInputEvents = YES;
				INFOPLIST_KEY_UILaunchScreen_Generation = YES;
				INFOPLIST_KEY_UISupportedInterfaceOrientations = UIInterfaceOrientationPortrait;
				IPHONEOS_DEPLOYMENT_TARGET = 15.4;
				LD_RUNPATH_SEARCH_PATHS = (
					"$(inherited)",
					"@executable_path/Frameworks",
				);
				MARKETING_VERSION = 2.0;
				PRODUCT_BUNDLE_IDENTIFIER = com.minchington.Features;
				PRODUCT_NAME = "$(TARGET_NAME)";
				SWIFT_EMIT_LOC_STRINGS = YES;
				SWIFT_VERSION = 5.0;
				TARGETED_DEVICE_FAMILY = "1,2";
			};
			name = Debug;
		};
		17E30DD12C03922500E60561 /* Release */ = {
			isa = XCBuildConfiguration;
			buildSettings = {
				ASSETCATALOG_COMPILER_APPICON_NAME = AppIcon;
				ASSETCATALOG_COMPILER_GLOBAL_ACCENT_COLOR_NAME = AccentColor;
				CODE_SIGN_ENTITLEMENTS = Features/Features.entitlements;
				CODE_SIGN_STYLE = Automatic;
				CURRENT_PROJECT_VERSION = 2;
				DEVELOPMENT_ASSET_PATHS = "\"Features/Preview Content\"";
				DEVELOPMENT_TEAM = FZ477BG7U9;
				ENABLE_PREVIEWS = YES;
				GENERATE_INFOPLIST_FILE = YES;
				INFOPLIST_KEY_CFBundleDisplayName = Features;
				INFOPLIST_KEY_UIApplicationSceneManifest_Generation = YES;
				INFOPLIST_KEY_UIApplicationSupportsIndirectInputEvents = YES;
				INFOPLIST_KEY_UILaunchScreen_Generation = YES;
				INFOPLIST_KEY_UISupportedInterfaceOrientations = UIInterfaceOrientationPortrait;
				IPHONEOS_DEPLOYMENT_TARGET = 15.4;
				LD_RUNPATH_SEARCH_PATHS = (
					"$(inherited)",
					"@executable_path/Frameworks",
				);
				MARKETING_VERSION = 2.0;
				PRODUCT_BUNDLE_IDENTIFIER = com.minchington.Features;
				PRODUCT_NAME = "$(TARGET_NAME)";
				SWIFT_EMIT_LOC_STRINGS = YES;
				SWIFT_VERSION = 5.0;
				TARGETED_DEVICE_FAMILY = "1,2";
			};
			name = Release;
		};
		17E30DD32C03922500E60561 /* Debug */ = {
			isa = XCBuildConfiguration;
			buildSettings = {
				ALWAYS_EMBED_SWIFT_STANDARD_LIBRARIES = YES;
				BUNDLE_LOADER = "$(TEST_HOST)";
				CODE_SIGN_STYLE = Automatic;
				CURRENT_PROJECT_VERSION = 1;
				DEVELOPMENT_TEAM = FZ477BG7U9;
				GENERATE_INFOPLIST_FILE = YES;
				IPHONEOS_DEPLOYMENT_TARGET = 17.4;
				MARKETING_VERSION = 1.0;
				PRODUCT_BUNDLE_IDENTIFIER = com.minchington.FeaturesTests;
				PRODUCT_NAME = "$(TARGET_NAME)";
				SWIFT_EMIT_LOC_STRINGS = NO;
				SWIFT_VERSION = 5.0;
				TARGETED_DEVICE_FAMILY = "1,2";
				TEST_HOST = "$(BUILT_PRODUCTS_DIR)/Features.app/$(BUNDLE_EXECUTABLE_FOLDER_PATH)/Features";
			};
			name = Debug;
		};
		17E30DD42C03922500E60561 /* Release */ = {
			isa = XCBuildConfiguration;
			buildSettings = {
				ALWAYS_EMBED_SWIFT_STANDARD_LIBRARIES = YES;
				BUNDLE_LOADER = "$(TEST_HOST)";
				CODE_SIGN_STYLE = Automatic;
				CURRENT_PROJECT_VERSION = 1;
				DEVELOPMENT_TEAM = FZ477BG7U9;
				GENERATE_INFOPLIST_FILE = YES;
				IPHONEOS_DEPLOYMENT_TARGET = 17.4;
				MARKETING_VERSION = 1.0;
				PRODUCT_BUNDLE_IDENTIFIER = com.minchington.FeaturesTests;
				PRODUCT_NAME = "$(TARGET_NAME)";
				SWIFT_EMIT_LOC_STRINGS = NO;
				SWIFT_VERSION = 5.0;
				TARGETED_DEVICE_FAMILY = "1,2";
				TEST_HOST = "$(BUILT_PRODUCTS_DIR)/Features.app/$(BUNDLE_EXECUTABLE_FOLDER_PATH)/Features";
			};
			name = Release;
		};
		17E30DD62C03922500E60561 /* Debug */ = {
			isa = XCBuildConfiguration;
			buildSettings = {
				ALWAYS_EMBED_SWIFT_STANDARD_LIBRARIES = YES;
				CODE_SIGN_STYLE = Automatic;
				CURRENT_PROJECT_VERSION = 1;
				DEVELOPMENT_TEAM = FZ477BG7U9;
				GENERATE_INFOPLIST_FILE = YES;
				MARKETING_VERSION = 1.0;
				PRODUCT_BUNDLE_IDENTIFIER = com.minchington.FeaturesUITests;
				PRODUCT_NAME = "$(TARGET_NAME)";
				SWIFT_EMIT_LOC_STRINGS = NO;
				SWIFT_VERSION = 5.0;
				TARGETED_DEVICE_FAMILY = "1,2";
				TEST_TARGET_NAME = Features;
			};
			name = Debug;
		};
		17E30DD72C03922500E60561 /* Release */ = {
			isa = XCBuildConfiguration;
			buildSettings = {
				ALWAYS_EMBED_SWIFT_STANDARD_LIBRARIES = YES;
				CODE_SIGN_STYLE = Automatic;
				CURRENT_PROJECT_VERSION = 1;
				DEVELOPMENT_TEAM = FZ477BG7U9;
				GENERATE_INFOPLIST_FILE = YES;
				MARKETING_VERSION = 1.0;
				PRODUCT_BUNDLE_IDENTIFIER = com.minchington.FeaturesUITests;
				PRODUCT_NAME = "$(TARGET_NAME)";
				SWIFT_EMIT_LOC_STRINGS = NO;
				SWIFT_VERSION = 5.0;
				TARGETED_DEVICE_FAMILY = "1,2";
				TEST_TARGET_NAME = Features;
			};
			name = Release;
		};
/* End XCBuildConfiguration section */

/* Begin XCConfigurationList section */
		17E30DA62C03922400E60561 /* Build configuration list for PBXProject "Features" */ = {
			isa = XCConfigurationList;
			buildConfigurations = (
				17E30DCD2C03922500E60561 /* Debug */,
				17E30DCE2C03922500E60561 /* Release */,
			);
			defaultConfigurationIsVisible = 0;
			defaultConfigurationName = Release;
		};
		17E30DCF2C03922500E60561 /* Build configuration list for PBXNativeTarget "Features" */ = {
			isa = XCConfigurationList;
			buildConfigurations = (
				17E30DD02C03922500E60561 /* Debug */,
				17E30DD12C03922500E60561 /* Release */,
			);
			defaultConfigurationIsVisible = 0;
			defaultConfigurationName = Release;
		};
		17E30DD22C03922500E60561 /* Build configuration list for PBXNativeTarget "FeaturesTests" */ = {
			isa = XCConfigurationList;
			buildConfigurations = (
				17E30DD32C03922500E60561 /* Debug */,
				17E30DD42C03922500E60561 /* Release */,
			);
			defaultConfigurationIsVisible = 0;
			defaultConfigurationName = Release;
		};
		17E30DD52C03922500E60561 /* Build configuration list for PBXNativeTarget "FeaturesUITests" */ = {
			isa = XCConfigurationList;
			buildConfigurations = (
				17E30DD62C03922500E60561 /* Debug */,
				17E30DD72C03922500E60561 /* Release */,
			);
			defaultConfigurationIsVisible = 0;
			defaultConfigurationName = Release;
		};
/* End XCConfigurationList section */
	};
	rootObject = 17E30DA32C03922400E60561 /* Project object */;
}
